
Microsoft Visual Studio Solution File, Format Version 12.00
# Visual Studio Version 17
VisualStudioVersion = 17.8.34525.116
MinimumVisualStudioVersion = 10.0.40219.1
Project("{FAE04EC0-301F-11D3-BF4B-00C04F79EFBC}") = "WcfServiceLibrary1", "WcfServiceLibrary1\WcfServiceLibrary1.csproj", "{C851723F-97DF-4666-9CB1-F207FC3ACC6A}"
EndProject
Project("{FAE04EC0-301F-11D3-BF4B-00C04F79EFBC}") = "MyHost", "MyHost\MyHost.csproj", "{74407E94-9BB9-40F9-A373-B9C19211BE3F}"
EndProject
Global
	GlobalSection(SolutionConfigurationPlatforms) = preSolution
		Debug|Any CPU = Debug|Any CPU
		Release|Any CPU = Release|Any CPU
	EndGlobalSection
	GlobalSection(ProjectConfigurationPlatforms) = postSolution
		{C851723F-97DF-4666-9CB1-F207FC3ACC6A}.Debug|Any CPU.ActiveCfg = Debug|Any CPU
		{C851723F-97DF-4666-9CB1-F207FC3ACC6A}.Debug|Any CPU.Build.0 = Debug|Any CPU
		{C851723F-97DF-4666-9CB1-F207FC3ACC6A}.Release|Any CPU.ActiveCfg = Release|Any CPU
		{C851723F-97DF-4666-9CB1-F207FC3ACC6A}.Release|Any CPU.Build.0 = Release|Any CPU
		{74407E94-9BB9-40F9-A373-B9C19211BE3F}.Debug|Any CPU.ActiveCfg = Debug|Any CPU
		{74407E94-9BB9-40F9-A373-B9C19211BE3F}.Debug|Any CPU.Build.0 = Debug|Any CPU
		{74407E94-9BB9-40F9-A373-B9C19211BE3F}.Release|Any CPU.ActiveCfg = Release|Any CPU
		{74407E94-9BB9-40F9-A373-B9C19211BE3F}.Release|Any CPU.Build.0 = Release|Any CPU
	EndGlobalSection
	GlobalSection(SolutionProperties) = preSolution
		HideSolutionNode = FALSE
	EndGlobalSection
	GlobalSection(ExtensibilityGlobals) = postSolution
		SolutionGuid = {1B6D3407-17E3-4553-ABD9-D018235D1A97}
	EndGlobalSection
EndGlobal
